
Microsoft Visual Studio Solution File, Format Version 11.00
# Visual Studio 2010
Project("{FAE04EC0-301F-11D3-BF4B-00C04F79EFBC}") = "procedural_terrain--Unity3D", "Assembly-CSharp.csproj", "{08CCD00B-9A55-1415-925B-CAC0DFDC66C8}"
EndProject
Project("{FAE04EC0-301F-11D3-BF4B-00C04F79EFBC}") = "procedural_terrain--Unity3D", "Assembly-CSharp-Editor.csproj", "{8897F086-9A55-9F6E-7CCA-AB1CBD3886B8}"
EndProject
Global
	GlobalSection(SolutionConfigurationPlatforms) = preSolution
		Debug|Any CPU = Debug|Any CPU
		Release|Any CPU = Release|Any CPU
	EndGlobalSection
	GlobalSection(ProjectConfigurationPlatforms) = postSolution
		{08CCD00B-9A55-1415-925B-CAC0DFDC66C8}.Debug|Any CPU.ActiveCfg = Debug|Any CPU
		{08CCD00B-9A55-1415-925B-CAC0DFDC66C8}.Debug|Any CPU.Build.0 = Debug|Any CPU
		{08CCD00B-9A55-1415-925B-CAC0DFDC66C8}.Release|Any CPU.ActiveCfg = Release|Any CPU
		{08CCD00B-9A55-1415-925B-CAC0DFDC66C8}.Release|Any CPU.Build.0 = Release|Any CPU
		{8897F086-9A55-9F6E-7CCA-AB1CBD3886B8}.Debug|Any CPU.ActiveCfg = Debug|Any CPU
		{8897F086-9A55-9F6E-7CCA-AB1CBD3886B8}.Debug|Any CPU.Build.0 = Debug|Any CPU
		{8897F086-9A55-9F6E-7CCA-AB1CBD3886B8}.Release|Any CPU.ActiveCfg = Release|Any CPU
		{8897F086-9A55-9F6E-7CCA-AB1CBD3886B8}.Release|Any CPU.Build.0 = Release|Any CPU
	EndGlobalSection
	GlobalSection(SolutionProperties) = preSolution
		HideSolutionNode = FALSE
	EndGlobalSection
	GlobalSection(MonoDevelopProperties) = preSolution
		StartupItem = Assembly-CSharp.csproj
	EndGlobalSection
EndGlobal
